<?xml version="1.0" encoding="utf-8"?>
<Project ToolsVersion="4.0" xmlns="http://schemas.microsoft.com/developer/msbuild/2003">
  <ItemGroup>
    <Filter Include="Source Files">
      <UniqueIdentifier>{4FC737F1-C7A5-4376-A066-2A32D752A2FF}</UniqueIdentifier>
      <Extensions>cpp;c;cc;cxx;def;odl;idl;hpj;bat;asm;asmx</Extensions>
    </Filter>
    <Filter Include="Header Files">
      <UniqueIdentifier>{93995380-89BD-4b04-88EB-625FBE52EBFB}</UniqueIdentifier>
      <Extensions>h;hh;hpp;hxx;hm;inl;inc;xsd</Extensions>
    </Filter>
    <Filter Include="Resource Files">
      <UniqueIdentifier>{67DA6AB6-F800-4c08-8B7A-83BB121AAD01}</UniqueIdentifier>
      <Extensions>rc;ico;cur;bmp;dlg;rc2;rct;bin;rgs;gif;jpg;jpeg;jpe;resx;tiff;tif;png;wav;mfcribbon-ms</Extensions>
    </Filter>
    <Filter Include="Header Files\Enemies">
      <UniqueIdentifier>{76690924-0f8a-4c9b-9395-7f29d9aa1668}</UniqueIdentifier>
    </Filter>
    <Filter Include="Source Files\Enemies">
      <UniqueIdentifier>{666a3211-55c4-46e2-aa48-def726ebc761}</UniqueIdentifier>
    </Filter>
    <Filter Include="Header Files\BackGroundObjects">
      <UniqueIdentifier>{ba910e71-3a4a-4ab2-a22f-c52e5d1b3aa5}</UniqueIdentifier>
    </Filter>
    <Filter Include="Source Files\BackGroundObjects">
      <UniqueIdentifier>{1684c655-1766-46ec-a362-930fa2bc380c}</UniqueIdentifier>
    </Filter>
    <Filter Include="Header Files\BackGroundObjects\HitBoxes">
      <UniqueIdentifier>{870a0619-b4a3-4b70-8b56-de44a168522f}</UniqueIdentifier>
    </Filter>
    <Filter Include="Source Files\BackGroundObjects\HitBoxes">
      <UniqueIdentifier>{fc3b9489-b0d9-49c7-8760-6157e41157cf}</UniqueIdentifier>
    </Filter>
    <Filter Include="Header Files\Items">
      <UniqueIdentifier>{e7d86bef-2ad2-46b1-87e9-fb4217e22037}</UniqueIdentifier>
    </Filter>
    <Filter Include="Source Files\Items">
      <UniqueIdentifier>{057baeb2-2bf2-4ffa-961f-88803ba65304}</UniqueIdentifier>
    </Filter>
    <Filter Include="Source Files\Player">
      <UniqueIdentifier>{eb2615fd-a614-4e97-b5e5-58574c257f6a}</UniqueIdentifier>
    </Filter>
    <Filter Include="Header Files\Player">
      <UniqueIdentifier>{367f453f-ecd7-4190-a7e7-5da16f454cf9}</UniqueIdentifier>
    </Filter>
    <Filter Include="Header Files\GameBoard">
      <UniqueIdentifier>{741bd886-1f3b-4fb1-a460-2607b1e21d42}</UniqueIdentifier>
    </Filter>
    <Filter Include="Source Files\GameBoard">
      <UniqueIdentifier>{67b906f2-91f9-49b3-aefa-cc849b7ab312}</UniqueIdentifier>
    </Filter>
    <Filter Include="Header Files\Scenes">
      <UniqueIdentifier>{c9b27b1d-26f4-45b0-bbf7-818818d890b0}</UniqueIdentifier>
    </Filter>
    <Filter Include="Header Files\Scenes\Intro">
      <UniqueIdentifier>{051ef7cd-d839-46af-84b3-5f93a31d6988}</UniqueIdentifier>
    </Filter>
  </ItemGroup>
  <ItemGroup>
    <ClCompile Include="Game.cpp">
      <Filter>Source Files</Filter>
    </ClCompile>
    <ClCompile Include="GameObject.cpp">
      <Filter>Source Files</Filter>
    </ClCompile>
    <ClCompile Include="main.cpp">
      <Filter>Source Files</Filter>
    </ClCompile>
    <ClCompile Include="Sprites.cpp">
      <Filter>Source Files</Filter>
    </ClCompile>
    <ClCompile Include="Textures.cpp">
      <Filter>Source Files</Filter>
    </ClCompile>
    <ClCompile Include="Scence.cpp">
      <Filter>Source Files</Filter>
    </ClCompile>
    <ClCompile Include="PlayScence.cpp">
      <Filter>Source Files</Filter>
    </ClCompile>
    <ClCompile Include="Animations.cpp">
      <Filter>Source Files</Filter>
    </ClCompile>
    <ClCompile Include="Utils.cpp">
      <Filter>Source Files</Filter>
    </ClCompile>
    <ClCompile Include="Portal.cpp">
      <Filter>Source Files</Filter>
    </ClCompile>
    <ClCompile Include="Map.cpp">
      <Filter>Source Files</Filter>
    </ClCompile>
    <ClCompile Include="Grid.cpp">
      <Filter>Source Files</Filter>
    </ClCompile>
    <ClCompile Include="PiranhaPlant.cpp">
      <Filter>Source Files\Enemies</Filter>
    </ClCompile>
    <ClCompile Include="InteractivableTransObject.cpp">
      <Filter>Source Files\BackGroundObjects</Filter>
    </ClCompile>
    <ClCompile Include="PipeHitBox.cpp">
      <Filter>Source Files\BackGroundObjects\HitBoxes</Filter>
    </ClCompile>
    <ClCompile Include="FireBall.cpp">
      <Filter>Source Files\Enemies</Filter>
    </ClCompile>
    <ClCompile Include="ColorBrickHitBox.cpp">
      <Filter>Source Files\BackGroundObjects\HitBoxes</Filter>
    </ClCompile>
    <ClCompile Include="QBrick.cpp">
      <Filter>Source Files\BackGroundObjects</Filter>
    </ClCompile>
    <ClCompile Include="Point.cpp">
      <Filter>Source Files\BackGroundObjects</Filter>
    </ClCompile>
    <ClCompile Include="Mushroom.cpp">
      <Filter>Source Files\Items</Filter>
    </ClCompile>
    <ClCompile Include="Musroom.cpp">
      <Filter>Source Files\BackGroundObjects</Filter>
    </ClCompile>
    <ClCompile Include="Brick.cpp">
      <Filter>Source Files\BackGroundObjects</Filter>
    </ClCompile>
    <ClCompile Include="Koopas.cpp">
      <Filter>Source Files\Enemies</Filter>
    </ClCompile>
    <ClCompile Include="Goomba.cpp">
      <Filter>Source Files\Enemies</Filter>
    </ClCompile>
    <ClCompile Include="JustForShow.cpp">
      <Filter>Source Files\BackGroundObjects</Filter>
    </ClCompile>
    <ClCompile Include="Ground.cpp">
      <Filter>Source Files\BackGroundObjects</Filter>
    </ClCompile>
    <ClCompile Include="Coin.cpp">
      <Filter>Source Files\Items</Filter>
    </ClCompile>
    <ClCompile Include="HiddenItem.cpp">
      <Filter>Source Files\Items</Filter>
    </ClCompile>
    <ClCompile Include="Leaf.cpp">
      <Filter>Source Files\Items</Filter>
    </ClCompile>
    <ClCompile Include="Wood.cpp">
      <Filter>Source Files\BackGroundObjects</Filter>
    </ClCompile>
    <ClCompile Include="FloatingCoin.cpp">
      <Filter>Source Files\Items</Filter>
    </ClCompile>
    <ClCompile Include="Mario.cpp">
      <Filter>Source Files\Player</Filter>
    </ClCompile>
    <ClCompile Include="Digit.cpp">
      <Filter>Source Files\GameBoard</Filter>
    </ClCompile>
    <ClCompile Include="SpeedBar.cpp">
      <Filter>Source Files\GameBoard</Filter>
    </ClCompile>
    <ClCompile Include="LivesCounter.cpp">
      <Filter>Source Files\GameBoard</Filter>
    </ClCompile>
    <ClCompile Include="PointCounter.cpp">
      <Filter>Source Files\GameBoard</Filter>
    </ClCompile>
    <ClCompile Include="MoneyCounter.cpp">
      <Filter>Source Files\GameBoard</Filter>
    </ClCompile>
    <ClCompile Include="TimeTicker.cpp">
      <Filter>Source Files\GameBoard</Filter>
    </ClCompile>
    <ClCompile Include="WorldName.cpp">
      <Filter>Source Files</Filter>
    </ClCompile>
    <ClCompile Include="Alphabet.cpp">
      <Filter>Source Files\GameBoard</Filter>
    </ClCompile>
    <ClCompile Include="Displayer.cpp">
      <Filter>Source Files\GameBoard</Filter>
    </ClCompile>
    <ClCompile Include="Board.cpp">
      <Filter>Source Files\GameBoard</Filter>
    </ClCompile>
    <ClCompile Include="EndGameItemStack.cpp">
      <Filter>Source Files\GameBoard</Filter>
    </ClCompile>
    <ClCompile Include="ItemBox.cpp">
      <Filter>Source Files\GameBoard</Filter>
    </ClCompile>
    <ClCompile Include="SpawnBox.cpp">
      <Filter>Source Files\BackGroundObjects</Filter>
    </ClCompile>
    <ClCompile Include="RedKoopas.cpp">
      <Filter>Source Files\Enemies</Filter>
    </ClCompile>
    <ClCompile Include="Tail.cpp">
      <Filter>Source Files\Player</Filter>
    </ClCompile>
    <ClCompile Include="Fragment.cpp">
      <Filter>Source Files</Filter>
    </ClCompile>
    <ClCompile Include="NoteBrick.cpp">
      <Filter>Source Files\BackGroundObjects</Filter>
    </ClCompile>
    <ClCompile Include="BrokenBrick.cpp">
      <Filter>Source Files\BackGroundObjects</Filter>
    </ClCompile>
    <ClCompile Include="BrokenQuestionBrick.cpp">
      <Filter>Source Files\BackGroundObjects</Filter>
    </ClCompile>
    <ClCompile Include="PSwitch.cpp">
      <Filter>Source Files\BackGroundObjects</Filter>
    </ClCompile>
    <ClCompile Include="Boomerang.cpp">
      <Filter>Source Files\Enemies</Filter>
    </ClCompile>
    <ClCompile Include="BoomerangGuy.cpp">
      <Filter>Source Files\Enemies</Filter>
    </ClCompile>
    <ClCompile Include="EndGameBrick.cpp">
      <Filter>Source Files</Filter>
    </ClCompile>
    <ClCompile Include="ChoosenEndGameItem.cpp">
      <Filter>Source Files</Filter>
    </ClCompile>
    <ClCompile Include="BangEffect.cpp">
      <Filter>Source Files</Filter>
    </ClCompile>
    <ClCompile Include="PiranhaFlower.cpp">
      <Filter>Source Files</Filter>
    </ClCompile>
    <ClCompile Include="IntroScene.cpp">
      <Filter>Header Files\Scenes\Intro</Filter>
    </ClCompile>
  </ItemGroup>
  <ItemGroup>
    <ClInclude Include="Game.h">
      <Filter>Header Files</Filter>
    </ClInclude>
    <ClInclude Include="GameObject.h">
      <Filter>Header Files</Filter>
    </ClInclude>
    <ClInclude Include="Sprites.h">
      <Filter>Header Files</Filter>
    </ClInclude>
    <ClInclude Include="Textures.h">
      <Filter>Header Files</Filter>
    </ClInclude>
    <ClInclude Include="Scence.h">
      <Filter>Header Files</Filter>
    </ClInclude>
    <ClInclude Include="PlayScence.h">
      <Filter>Header Files</Filter>
    </ClInclude>
    <ClInclude Include="Animations.h">
      <Filter>Header Files</Filter>
    </ClInclude>
    <ClInclude Include="KeyEventHandler.h">
      <Filter>Header Files</Filter>
    </ClInclude>
    <ClInclude Include="Utils.h">
      <Filter>Header Files</Filter>
    </ClInclude>
    <ClInclude Include="Portal.h">
      <Filter>Header Files</Filter>
    </ClInclude>
    <ClInclude Include="Map.h">
      <Filter>Header Files</Filter>
    </ClInclude>
    <ClInclude Include="Grid.h">
      <Filter>Header Files</Filter>
    </ClInclude>
    <ClInclude Include="PiranhaPlant.h">
      <Filter>Header Files\Enemies</Filter>
    </ClInclude>
    <ClInclude Include="InteractivableTransObject.h">
      <Filter>Header Files\BackGroundObjects</Filter>
    </ClInclude>
    <ClInclude Include="PipeHitBox.h">
      <Filter>Header Files\BackGroundObjects\HitBoxes</Filter>
    </ClInclude>
    <ClInclude Include="FireBall.h">
      <Filter>Header Files\Enemies</Filter>
    </ClInclude>
    <ClInclude Include="ColorBrickHitBox.h">
      <Filter>Header Files\BackGroundObjects\HitBoxes</Filter>
    </ClInclude>
    <ClInclude Include="QBrick.h">
      <Filter>Header Files\BackGroundObjects</Filter>
    </ClInclude>
    <ClInclude Include="ObjectCheatSheet.h">
      <Filter>Header Files\BackGroundObjects</Filter>
    </ClInclude>
    <ClInclude Include="Point.h">
      <Filter>Header Files\BackGroundObjects</Filter>
    </ClInclude>
    <ClInclude Include="Mushroom.h">
      <Filter>Header Files\Items</Filter>
    </ClInclude>
    <ClInclude Include="Musroom.h">
      <Filter>Header Files\BackGroundObjects</Filter>
    </ClInclude>
    <ClInclude Include="Brick.h">
      <Filter>Header Files\BackGroundObjects</Filter>
    </ClInclude>
    <ClInclude Include="Goomba.h">
      <Filter>Header Files\Enemies</Filter>
    </ClInclude>
    <ClInclude Include="Koopas.h">
      <Filter>Header Files\Enemies</Filter>
    </ClInclude>
    <ClInclude Include="JustForShow.h">
      <Filter>Header Files\BackGroundObjects</Filter>
    </ClInclude>
    <ClInclude Include="Ground.h">
      <Filter>Header Files\BackGroundObjects</Filter>
    </ClInclude>
    <ClInclude Include="Coin.h">
      <Filter>Header Files\Items</Filter>
    </ClInclude>
    <ClInclude Include="HiddenItem.h">
      <Filter>Header Files\Items</Filter>
    </ClInclude>
    <ClInclude Include="Leaf.h">
      <Filter>Header Files\Items</Filter>
    </ClInclude>
    <ClInclude Include="Wood.h">
      <Filter>Header Files\BackGroundObjects</Filter>
    </ClInclude>
    <ClInclude Include="FloatingCoin.h">
      <Filter>Header Files\Items</Filter>
    </ClInclude>
    <ClInclude Include="Mario.h">
      <Filter>Header Files\Player</Filter>
    </ClInclude>
    <ClInclude Include="Digit.h">
      <Filter>Header Files\GameBoard</Filter>
    </ClInclude>
    <ClInclude Include="SpeedBar.h">
      <Filter>Header Files\GameBoard</Filter>
    </ClInclude>
    <ClInclude Include="LivesCounter.h">
      <Filter>Header Files\GameBoard</Filter>
    </ClInclude>
    <ClInclude Include="PointCounter.h">
      <Filter>Header Files\GameBoard</Filter>
    </ClInclude>
    <ClInclude Include="MoneyCounter.h">
      <Filter>Header Files\GameBoard</Filter>
    </ClInclude>
    <ClInclude Include="TimeTicker.h">
      <Filter>Header Files\GameBoard</Filter>
    </ClInclude>
    <ClInclude Include="WorldName.h">
      <Filter>Header Files</Filter>
    </ClInclude>
    <ClInclude Include="Alphabet.h">
      <Filter>Header Files\GameBoard</Filter>
    </ClInclude>
    <ClInclude Include="Displayer.h">
      <Filter>Header Files\GameBoard</Filter>
    </ClInclude>
    <ClInclude Include="Board.h">
      <Filter>Header Files\GameBoard</Filter>
    </ClInclude>
    <ClInclude Include="EndGameItemStack.h">
      <Filter>Header Files\GameBoard</Filter>
    </ClInclude>
    <ClInclude Include="SpawnBox.h">
      <Filter>Header Files\BackGroundObjects</Filter>
    </ClInclude>
    <ClInclude Include="RedKoopas.h">
      <Filter>Header Files\Enemies</Filter>
    </ClInclude>
    <ClInclude Include="Tail.h">
      <Filter>Header Files\Player</Filter>
    </ClInclude>
    <ClInclude Include="Fragment.h">
      <Filter>Header Files</Filter>
    </ClInclude>
    <ClInclude Include="NoteBrick.h">
      <Filter>Header Files\BackGroundObjects</Filter>
    </ClInclude>
    <ClInclude Include="BrokenBrick.h">
      <Filter>Header Files\BackGroundObjects</Filter>
    </ClInclude>
    <ClInclude Include="BrokenQuestionBrick.h">
      <Filter>Header Files\BackGroundObjects</Filter>
    </ClInclude>
    <ClInclude Include="PSwitch.h">
      <Filter>Header Files\BackGroundObjects</Filter>
    </ClInclude>
    <ClInclude Include="Boomerang.h">
      <Filter>Header Files\Enemies</Filter>
    </ClInclude>
    <ClInclude Include="BoomerangGuy.h">
      <Filter>Header Files\Enemies</Filter>
    </ClInclude>
    <ClInclude Include="EndGameBrick.h">
      <Filter>Header Files</Filter>
    </ClInclude>
    <ClInclude Include="ChoosenEndGameItem.h">
      <Filter>Header Files</Filter>
    </ClInclude>
    <ClInclude Include="BangEffect.h">
      <Filter>Header Files</Filter>
    </ClInclude>
    <ClInclude Include="PiranhaFlower.h">
      <Filter>Header Files</Filter>
    </ClInclude>
    <ClInclude Include="IntroScene.h">
      <Filter>Header Files\Scenes\Intro</Filter>
    </ClInclude>
  </ItemGroup>
</Project>